
Microsoft Visual Studio Solution File, Format Version 12.00
# Visual Studio 15
VisualStudioVersion = 15.0.27130.2036
MinimumVisualStudioVersion = 10.0.40219.1
Project("{FAE04EC0-301F-11D3-BF4B-00C04F79EFBC}") = "BulkCrapUninstaller", "BulkCrapUninstaller\BulkCrapUninstaller.csproj", "{5086CDDE-5B1D-485B-AABC-A63C633579B6}"
	ProjectSection(ProjectDependencies) = postProject
		{9C818D14-22AE-46DB-B179-119069AE6116} = {9C818D14-22AE-46DB-B179-119069AE6116}
		{129CBF33-9E19-4D26-A601-5E8394907AE1} = {129CBF33-9E19-4D26-A601-5E8394907AE1}
		{5247BD39-5DEB-4F14-AF4B-9598A8544D06} = {5247BD39-5DEB-4F14-AF4B-9598A8544D06}
		{43022440-594D-437C-96C8-6AA24F6CEE63} = {43022440-594D-437C-96C8-6AA24F6CEE63}
		{2E8CECA3-4872-439E-9A47-5304FB4BF705} = {2E8CECA3-4872-439E-9A47-5304FB4BF705}
		{DCA3F6AD-0A1A-4E14-894A-114CC9B3B3E5} = {DCA3F6AD-0A1A-4E14-894A-114CC9B3B3E5}
		{52FCBDB1-48D8-448D-B8CA-07F10AB3CA25} = {52FCBDB1-48D8-448D-B8CA-07F10AB3CA25}
		{62CED1D5-F603-40DE-8BF5-3E49D3A392F4} = {62CED1D5-F603-40DE-8BF5-3E49D3A392F4}
	EndProjectSection
EndProject
Project("{FAE04EC0-301F-11D3-BF4B-00C04F79EFBC}") = "UninstallTools", "UninstallTools\UninstallTools.csproj", "{87091C84-B671-4269-ABE4-D0F818AB201C}"
	ProjectSection(ProjectDependencies) = postProject
		{DCA3F6AD-0A1A-4E14-894A-114CC9B3B3E5} = {DCA3F6AD-0A1A-4E14-894A-114CC9B3B3E5}
	EndProjectSection
EndProject
Project("{FAE04EC0-301F-11D3-BF4B-00C04F79EFBC}") = "NBug", "NBug_net35\NBug.csproj", "{62CED1D5-F603-40DE-8BF5-3E49D3A392F4}"
EndProject
Project("{2150E333-8FDC-42A3-9474-1A3956D46DE8}") = "Solution Items", "Solution Items", "{CF548671-BB38-48B1-9664-C737E971FC07}"
	ProjectSection(SolutionItems) = preProject
		GlobalAssemblyInfo.cs = GlobalAssemblyInfo.cs
		Licence.licenseheader = Licence.licenseheader
	EndProjectSection
EndProject
Project("{FAE04EC0-301F-11D3-BF4B-00C04F79EFBC}") = "KlocTools", "..\..\KlocTools\KlocTools\KlocTools.csproj", "{4F843421-01D4-48E8-B88B-CDF30DD671A4}"
EndProject
Project("{FAE04EC0-301F-11D3-BF4B-00C04F79EFBC}") = "BulkCrapUninstallerTests", "BulkCrapUninstallerTests\BulkCrapUninstallerTests.csproj", "{C631EFBE-0463-417D-AEBE-A4BE3E660C43}"
EndProject
Project("{FAE04EC0-301F-11D3-BF4B-00C04F79EFBC}") = "StoreAppHelper", "StoreAppHelper\StoreAppHelper.csproj", "{DCA3F6AD-0A1A-4E14-894A-114CC9B3B3E5}"
EndProject
Project("{FAE04EC0-301F-11D3-BF4B-00C04F79EFBC}") = "UninstallerAutomatizer", "UninstallerAutomatizer\UninstallerAutomatizer.csproj", "{9C818D14-22AE-46DB-B179-119069AE6116}"
EndProject
Project("{FAE04EC0-301F-11D3-BF4B-00C04F79EFBC}") = "SteamHelper", "SteamHelper\SteamHelper.csproj", "{43022440-594D-437C-96C8-6AA24F6CEE63}"
EndProject
Project("{FAE04EC0-301F-11D3-BF4B-00C04F79EFBC}") = "UpdateSystem", "..\..\UpdateSystem\UpdateSystem\UpdateSystem.csproj", "{E13A335C-3B81-4AE8-84DA-B200F69856A9}"
EndProject
Project("{FAE04EC0-301F-11D3-BF4B-00C04F79EFBC}") = "ObjectListView2012", "ObjectListView\ObjectListView2012.csproj", "{18FEDA0C-D147-4286-B39A-01204808106A}"
EndProject
Project("{FAE04EC0-301F-11D3-BF4B-00C04F79EFBC}") = "WinUpdateHelper", "WinUpdateHelper\WinUpdateHelper.csproj", "{5247BD39-5DEB-4F14-AF4B-9598A8544D06}"
EndProject
Project("{FAE04EC0-301F-11D3-BF4B-00C04F79EFBC}") = "UniversalUninstaller", "UniversalUninstaller\UniversalUninstaller.csproj", "{129CBF33-9E19-4D26-A601-5E8394907AE1}"
EndProject
Project("{FAE04EC0-301F-11D3-BF4B-00C04F79EFBC}") = "PortableSettingsProvider", "PortableSettingsProvider\PortableSettingsProvider.csproj", "{495A9EA6-B13C-48F9-A2E2-6667CECEBFDE}"
EndProject
Project("{FAE04EC0-301F-11D3-BF4B-00C04F79EFBC}") = "SimpleTreeMap", "SimpleTreeMap\SimpleTreeMap.csproj", "{52FCBDB1-48D8-448D-B8CA-07F10AB3CA25}"
EndProject
Project("{FAE04EC0-301F-11D3-BF4B-00C04F79EFBC}") = "SimpleTreeMapTests", "SimpleTreeMapTests\SimpleTreeMapTests.csproj", "{3F3D249F-885B-4AF5-B760-3900D077D66B}"
EndProject
Project("{FAE04EC0-301F-11D3-BF4B-00C04F79EFBC}") = "BCU-console", "BCU-console\BCU-console.csproj", "{2E8CECA3-4872-439E-9A47-5304FB4BF705}"
EndProject
Project("{FAE04EC0-301F-11D3-BF4B-00C04F79EFBC}") = "OculusHelper", "OculusHelper\OculusHelper.csproj", "{319C4596-0EE6-4392-9D7B-F937794133C7}"
EndProject
Project("{D954291E-2A0B-460D-934E-DC6B0785DB48}") = "HelperTools", "HelperTools\HelperTools.shproj", "{73A9796D-334C-400C-87AC-1DFDD613266E}"
EndProject
Global
	GlobalSection(SharedMSBuildProjectFiles) = preSolution
		HelperTools\HelperTools.projitems*{319c4596-0ee6-4392-9d7b-f937794133c7}*SharedItemsImports = 4
		HelperTools\HelperTools.projitems*{73a9796d-334c-400c-87ac-1dfdd613266e}*SharedItemsImports = 13
		HelperTools\HelperTools.projitems*{dca3f6ad-0a1a-4e14-894a-114cc9b3b3e5}*SharedItemsImports = 4
	EndGlobalSection
	GlobalSection(SolutionConfigurationPlatforms) = preSolution
		Debug|Any CPU = Debug|Any CPU
		Debug|x64 = Debug|x64
		Debug|x86 = Debug|x86
		Release|Any CPU = Release|Any CPU
		Release|x64 = Release|x64
		Release|x86 = Release|x86
	EndGlobalSection
	GlobalSection(ProjectConfigurationPlatforms) = postSolution
		{5086CDDE-5B1D-485B-AABC-A63C633579B6}.Debug|Any CPU.ActiveCfg = Debug|Any CPU
		{5086CDDE-5B1D-485B-AABC-A63C633579B6}.Debug|Any CPU.Build.0 = Debug|Any CPU
		{5086CDDE-5B1D-485B-AABC-A63C633579B6}.Debug|x64.ActiveCfg = Debug|x64
		{5086CDDE-5B1D-485B-AABC-A63C633579B6}.Debug|x64.Build.0 = Debug|x64
		{5086CDDE-5B1D-485B-AABC-A63C633579B6}.Debug|x86.ActiveCfg = Debug|x86
		{5086CDDE-5B1D-485B-AABC-A63C633579B6}.Debug|x86.Build.0 = Debug|x86
		{5086CDDE-5B1D-485B-AABC-A63C633579B6}.Release|Any CPU.ActiveCfg = Release|Any CPU
		{5086CDDE-5B1D-485B-AABC-A63C633579B6}.Release|Any CPU.Build.0 = Release|Any CPU
		{5086CDDE-5B1D-485B-AABC-A63C633579B6}.Release|x64.ActiveCfg = Release|x64
		{5086CDDE-5B1D-485B-AABC-A63C633579B6}.Release|x64.Build.0 = Release|x64
		{5086CDDE-5B1D-485B-AABC-A63C633579B6}.Release|x86.ActiveCfg = Release|x86
		{5086CDDE-5B1D-485B-AABC-A63C633579B6}.Release|x86.Build.0 = Release|x86
		{87091C84-B671-4269-ABE4-D0F818AB201C}.Debug|Any CPU.ActiveCfg = Debug|Any CPU
		{87091C84-B671-4269-ABE4-D0F818AB201C}.Debug|Any CPU.Build.0 = Debug|Any CPU
		{87091C84-B671-4269-ABE4-D0F818AB201C}.Debug|x64.ActiveCfg = Debug|Any CPU
		{87091C84-B671-4269-ABE4-D0F818AB201C}.Debug|x64.Build.0 = Debug|Any CPU
		{87091C84-B671-4269-ABE4-D0F818AB201C}.Debug|x86.ActiveCfg = Debug|Any CPU
		{87091C84-B671-4269-ABE4-D0F818AB201C}.Debug|x86.Build.0 = Debug|Any CPU
		{87091C84-B671-4269-ABE4-D0F818AB201C}.Release|Any CPU.ActiveCfg = Release|Any CPU
		{87091C84-B671-4269-ABE4-D0F818AB201C}.Release|Any CPU.Build.0 = Release|Any CPU
		{87091C84-B671-4269-ABE4-D0F818AB201C}.Release|x64.ActiveCfg = Release|Any CPU
		{87091C84-B671-4269-ABE4-D0F818AB201C}.Release|x64.Build.0 = Release|Any CPU
		{87091C84-B671-4269-ABE4-D0F818AB201C}.Release|x86.ActiveCfg = Release|Any CPU
		{87091C84-B671-4269-ABE4-D0F818AB201C}.Release|x86.Build.0 = Release|Any CPU
		{62CED1D5-F603-40DE-8BF5-3E49D3A392F4}.Debug|Any CPU.ActiveCfg = Debug|Any CPU
		{62CED1D5-F603-40DE-8BF5-3E49D3A392F4}.Debug|Any CPU.Build.0 = Debug|Any CPU
		{62CED1D5-F603-40DE-8BF5-3E49D3A392F4}.Debug|x64.ActiveCfg = Debug|Any CPU
		{62CED1D5-F603-40DE-8BF5-3E49D3A392F4}.Debug|x64.Build.0 = Debug|Any CPU
		{62CED1D5-F603-40DE-8BF5-3E49D3A392F4}.Debug|x86.ActiveCfg = Debug|Any CPU
		{62CED1D5-F603-40DE-8BF5-3E49D3A392F4}.Debug|x86.Build.0 = Debug|Any CPU
		{62CED1D5-F603-40DE-8BF5-3E49D3A392F4}.Release|Any CPU.ActiveCfg = Release|Any CPU
		{62CED1D5-F603-40DE-8BF5-3E49D3A392F4}.Release|Any CPU.Build.0 = Release|Any CPU
		{62CED1D5-F603-40DE-8BF5-3E49D3A392F4}.Release|x64.ActiveCfg = Release|Any CPU
		{62CED1D5-F603-40DE-8BF5-3E49D3A392F4}.Release|x64.Build.0 = Release|Any CPU
		{62CED1D5-F603-40DE-8BF5-3E49D3A392F4}.Release|x86.ActiveCfg = Release|Any CPU
		{62CED1D5-F603-40DE-8BF5-3E49D3A392F4}.Release|x86.Build.0 = Release|Any CPU
		{4F843421-01D4-48E8-B88B-CDF30DD671A4}.Debug|Any CPU.ActiveCfg = Debug|Any CPU
		{4F843421-01D4-48E8-B88B-CDF30DD671A4}.Debug|Any CPU.Build.0 = Debug|Any CPU
		{4F843421-01D4-48E8-B88B-CDF30DD671A4}.Debug|x64.ActiveCfg = Debug|x64
		{4F843421-01D4-48E8-B88B-CDF30DD671A4}.Debug|x64.Build.0 = Debug|x64
		{4F843421-01D4-48E8-B88B-CDF30DD671A4}.Debug|x86.ActiveCfg = Debug|x86
		{4F843421-01D4-48E8-B88B-CDF30DD671A4}.Debug|x86.Build.0 = Debug|x86
		{4F843421-01D4-48E8-B88B-CDF30DD671A4}.Release|Any CPU.ActiveCfg = Release|Any CPU
		{4F843421-01D4-48E8-B88B-CDF30DD671A4}.Release|Any CPU.Build.0 = Release|Any CPU
		{4F843421-01D4-48E8-B88B-CDF30DD671A4}.Release|x64.ActiveCfg = Release|x64
		{4F843421-01D4-48E8-B88B-CDF30DD671A4}.Release|x64.Build.0 = Release|x64
		{4F843421-01D4-48E8-B88B-CDF30DD671A4}.Release|x86.ActiveCfg = Release|x86
		{4F843421-01D4-48E8-B88B-CDF30DD671A4}.Release|x86.Build.0 = Release|x86
		{C631EFBE-0463-417D-AEBE-A4BE3E660C43}.Debug|Any CPU.ActiveCfg = Debug|Any CPU
		{C631EFBE-0463-417D-AEBE-A4BE3E660C43}.Debug|Any CPU.Build.0 = Debug|Any CPU
		{C631EFBE-0463-417D-AEBE-A4BE3E660C43}.Debug|x64.ActiveCfg = Debug|Any CPU
		{C631EFBE-0463-417D-AEBE-A4BE3E660C43}.Debug|x64.Build.0 = Debug|Any CPU
		{C631EFBE-0463-417D-AEBE-A4BE3E660C43}.Debug|x86.ActiveCfg = Debug|Any CPU
		{C631EFBE-0463-417D-AEBE-A4BE3E660C43}.Debug|x86.Build.0 = Debug|Any CPU
		{C631EFBE-0463-417D-AEBE-A4BE3E660C43}.Release|Any CPU.ActiveCfg = Release|Any CPU
		{C631EFBE-0463-417D-AEBE-A4BE3E660C43}.Release|Any CPU.Build.0 = Release|Any CPU
		{C631EFBE-0463-417D-AEBE-A4BE3E660C43}.Release|x64.ActiveCfg = Release|Any CPU
		{C631EFBE-0463-417D-AEBE-A4BE3E660C43}.Release|x64.Build.0 = Release|Any CPU
		{C631EFBE-0463-417D-AEBE-A4BE3E660C43}.Release|x86.ActiveCfg = Release|Any CPU
		{C631EFBE-0463-417D-AEBE-A4BE3E660C43}.Release|x86.Build.0 = Release|Any CPU
		{DCA3F6AD-0A1A-4E14-894A-114CC9B3B3E5}.Debug|Any CPU.ActiveCfg = Debug|Any CPU
		{DCA3F6AD-0A1A-4E14-894A-114CC9B3B3E5}.Debug|Any CPU.Build.0 = Debug|Any CPU
		{DCA3F6AD-0A1A-4E14-894A-114CC9B3B3E5}.Debug|x64.ActiveCfg = Release|Any CPU
		{DCA3F6AD-0A1A-4E14-894A-114CC9B3B3E5}.Debug|x64.Build.0 = Release|Any CPU
		{DCA3F6AD-0A1A-4E14-894A-114CC9B3B3E5}.Debug|x86.ActiveCfg = Release|Any CPU
		{DCA3F6AD-0A1A-4E14-894A-114CC9B3B3E5}.Debug|x86.Build.0 = Release|Any CPU
		{DCA3F6AD-0A1A-4E14-894A-114CC9B3B3E5}.Release|Any CPU.ActiveCfg = Release|Any CPU
		{DCA3F6AD-0A1A-4E14-894A-114CC9B3B3E5}.Release|Any CPU.Build.0 = Release|Any CPU
		{DCA3F6AD-0A1A-4E14-894A-114CC9B3B3E5}.Release|x64.ActiveCfg = Release|Any CPU
		{DCA3F6AD-0A1A-4E14-894A-114CC9B3B3E5}.Release|x64.Build.0 = Release|Any CPU
		{DCA3F6AD-0A1A-4E14-894A-114CC9B3B3E5}.Release|x86.ActiveCfg = Release|Any CPU
		{DCA3F6AD-0A1A-4E14-894A-114CC9B3B3E5}.Release|x86.Build.0 = Release|Any CPU
		{9C818D14-22AE-46DB-B179-119069AE6116}.Debug|Any CPU.ActiveCfg = Debug|Any CPU
		{9C818D14-22AE-46DB-B179-119069AE6116}.Debug|Any CPU.Build.0 = Debug|Any CPU
		{9C818D14-22AE-46DB-B179-119069AE6116}.Debug|x64.ActiveCfg = Debug|Any CPU
		{9C818D14-22AE-46DB-B179-119069AE6116}.Debug|x64.Build.0 = Debug|Any CPU
		{9C818D14-22AE-46DB-B179-119069AE6116}.Debug|x86.ActiveCfg = Debug|Any CPU
		{9C818D14-22AE-46DB-B179-119069AE6116}.Debug|x86.Build.0 = Debug|Any CPU
		{9C818D14-22AE-46DB-B179-119069AE6116}.Release|Any CPU.ActiveCfg = Release|Any CPU
		{9C818D14-22AE-46DB-B179-119069AE6116}.Release|Any CPU.Build.0 = Release|Any CPU
		{9C818D14-22AE-46DB-B179-119069AE6116}.Release|x64.ActiveCfg = Release|Any CPU
		{9C818D14-22AE-46DB-B179-119069AE6116}.Release|x64.Build.0 = Release|Any CPU
		{9C818D14-22AE-46DB-B179-119069AE6116}.Release|x86.ActiveCfg = Release|Any CPU
		{9C818D14-22AE-46DB-B179-119069AE6116}.Release|x86.Build.0 = Release|Any CPU
		{43022440-594D-437C-96C8-6AA24F6CEE63}.Debug|Any CPU.ActiveCfg = Debug|Any CPU
		{43022440-594D-437C-96C8-6AA24F6CEE63}.Debug|Any CPU.Build.0 = Debug|Any CPU
		{43022440-594D-437C-96C8-6AA24F6CEE63}.Debug|x64.ActiveCfg = Debug|Any CPU
		{43022440-594D-437C-96C8-6AA24F6CEE63}.Debug|x64.Build.0 = Debug|Any CPU
		{43022440-594D-437C-96C8-6AA24F6CEE63}.Debug|x86.ActiveCfg = Debug|Any CPU
		{43022440-594D-437C-96C8-6AA24F6CEE63}.Debug|x86.Build.0 = Debug|Any CPU
		{43022440-594D-437C-96C8-6AA24F6CEE63}.Release|Any CPU.ActiveCfg = Release|Any CPU
		{43022440-594D-437C-96C8-6AA24F6CEE63}.Release|Any CPU.Build.0 = Release|Any CPU
		{43022440-594D-437C-96C8-6AA24F6CEE63}.Release|x64.ActiveCfg = Release|Any CPU
		{43022440-594D-437C-96C8-6AA24F6CEE63}.Release|x64.Build.0 = Release|Any CPU
		{43022440-594D-437C-96C8-6AA24F6CEE63}.Release|x86.ActiveCfg = Release|Any CPU
		{43022440-594D-437C-96C8-6AA24F6CEE63}.Release|x86.Build.0 = Release|Any CPU
		{E13A335C-3B81-4AE8-84DA-B200F69856A9}.Debug|Any CPU.ActiveCfg = Debug|Any CPU
		{E13A335C-3B81-4AE8-84DA-B200F69856A9}.Debug|Any CPU.Build.0 = Debug|Any CPU
		{E13A335C-3B81-4AE8-84DA-B200F69856A9}.Debug|x64.ActiveCfg = Debug|Any CPU
		{E13A335C-3B81-4AE8-84DA-B200F69856A9}.Debug|x64.Build.0 = Debug|Any CPU
		{E13A335C-3B81-4AE8-84DA-B200F69856A9}.Debug|x86.ActiveCfg = Debug|Any CPU
		{E13A335C-3B81-4AE8-84DA-B200F69856A9}.Debug|x86.Build.0 = Debug|Any CPU
		{E13A335C-3B81-4AE8-84DA-B200F69856A9}.Release|Any CPU.ActiveCfg = Release|Any CPU
		{E13A335C-3B81-4AE8-84DA-B200F69856A9}.Release|Any CPU.Build.0 = Release|Any CPU
		{E13A335C-3B81-4AE8-84DA-B200F69856A9}.Release|x64.ActiveCfg = Release|Any CPU
		{E13A335C-3B81-4AE8-84DA-B200F69856A9}.Release|x64.Build.0 = Release|Any CPU
		{E13A335C-3B81-4AE8-84DA-B200F69856A9}.Release|x86.ActiveCfg = Release|Any CPU
		{E13A335C-3B81-4AE8-84DA-B200F69856A9}.Release|x86.Build.0 = Release|Any CPU
		{18FEDA0C-D147-4286-B39A-01204808106A}.Debug|Any CPU.ActiveCfg = Debug|Any CPU
		{18FEDA0C-D147-4286-B39A-01204808106A}.Debug|Any CPU.Build.0 = Debug|Any CPU
		{18FEDA0C-D147-4286-B39A-01204808106A}.Debug|x64.ActiveCfg = Debug|Any CPU
		{18FEDA0C-D147-4286-B39A-01204808106A}.Debug|x64.Build.0 = Debug|Any CPU
		{18FEDA0C-D147-4286-B39A-01204808106A}.Debug|x86.ActiveCfg = Debug|Any CPU
		{18FEDA0C-D147-4286-B39A-01204808106A}.Debug|x86.Build.0 = Debug|Any CPU
		{18FEDA0C-D147-4286-B39A-01204808106A}.Release|Any CPU.ActiveCfg = Release|Any CPU
		{18FEDA0C-D147-4286-B39A-01204808106A}.Release|Any CPU.Build.0 = Release|Any CPU
		{18FEDA0C-D147-4286-B39A-01204808106A}.Release|x64.ActiveCfg = Release|Any CPU
		{18FEDA0C-D147-4286-B39A-01204808106A}.Release|x64.Build.0 = Release|Any CPU
		{18FEDA0C-D147-4286-B39A-01204808106A}.Release|x86.ActiveCfg = Release|Any CPU
		{18FEDA0C-D147-4286-B39A-01204808106A}.Release|x86.Build.0 = Release|Any CPU
		{5247BD39-5DEB-4F14-AF4B-9598A8544D06}.Debug|Any CPU.ActiveCfg = Debug|Any CPU
		{5247BD39-5DEB-4F14-AF4B-9598A8544D06}.Debug|Any CPU.Build.0 = Debug|Any CPU
		{5247BD39-5DEB-4F14-AF4B-9598A8544D06}.Debug|x64.ActiveCfg = Debug|Any CPU
		{5247BD39-5DEB-4F14-AF4B-9598A8544D06}.Debug|x64.Build.0 = Debug|Any CPU
		{5247BD39-5DEB-4F14-AF4B-9598A8544D06}.Debug|x86.ActiveCfg = Debug|Any CPU
		{5247BD39-5DEB-4F14-AF4B-9598A8544D06}.Debug|x86.Build.0 = Debug|Any CPU
		{5247BD39-5DEB-4F14-AF4B-9598A8544D06}.Release|Any CPU.ActiveCfg = Release|Any CPU
		{5247BD39-5DEB-4F14-AF4B-9598A8544D06}.Release|Any CPU.Build.0 = Release|Any CPU
		{5247BD39-5DEB-4F14-AF4B-9598A8544D06}.Release|x64.ActiveCfg = Release|Any CPU
		{5247BD39-5DEB-4F14-AF4B-9598A8544D06}.Release|x64.Build.0 = Release|Any CPU
		{5247BD39-5DEB-4F14-AF4B-9598A8544D06}.Release|x86.ActiveCfg = Release|Any CPU
		{5247BD39-5DEB-4F14-AF4B-9598A8544D06}.Release|x86.Build.0 = Release|Any CPU
		{129CBF33-9E19-4D26-A601-5E8394907AE1}.Debug|Any CPU.ActiveCfg = Debug|Any CPU
		{129CBF33-9E19-4D26-A601-5E8394907AE1}.Debug|Any CPU.Build.0 = Debug|Any CPU
		{129CBF33-9E19-4D26-A601-5E8394907AE1}.Debug|x64.ActiveCfg = Debug|Any CPU
		{129CBF33-9E19-4D26-A601-5E8394907AE1}.Debug|x64.Build.0 = Debug|Any CPU
		{129CBF33-9E19-4D26-A601-5E8394907AE1}.Debug|x86.ActiveCfg = Debug|Any CPU
		{129CBF33-9E19-4D26-A601-5E8394907AE1}.Debug|x86.Build.0 = Debug|Any CPU
		{129CBF33-9E19-4D26-A601-5E8394907AE1}.Release|Any CPU.ActiveCfg = Release|Any CPU
		{129CBF33-9E19-4D26-A601-5E8394907AE1}.Release|Any CPU.Build.0 = Release|Any CPU
		{129CBF33-9E19-4D26-A601-5E8394907AE1}.Release|x64.ActiveCfg = Release|Any CPU
		{129CBF33-9E19-4D26-A601-5E8394907AE1}.Release|x64.Build.0 = Release|Any CPU
		{129CBF33-9E19-4D26-A601-5E8394907AE1}.Release|x86.ActiveCfg = Release|Any CPU
		{129CBF33-9E19-4D26-A601-5E8394907AE1}.Release|x86.Build.0 = Release|Any CPU
		{495A9EA6-B13C-48F9-A2E2-6667CECEBFDE}.Debug|Any CPU.ActiveCfg = Debug|Any CPU
		{495A9EA6-B13C-48F9-A2E2-6667CECEBFDE}.Debug|Any CPU.Build.0 = Debug|Any CPU
		{495A9EA6-B13C-48F9-A2E2-6667CECEBFDE}.Debug|x64.ActiveCfg = Debug|Any CPU
		{495A9EA6-B13C-48F9-A2E2-6667CECEBFDE}.Debug|x64.Build.0 = Debug|Any CPU
		{495A9EA6-B13C-48F9-A2E2-6667CECEBFDE}.Debug|x86.ActiveCfg = Debug|Any CPU
		{495A9EA6-B13C-48F9-A2E2-6667CECEBFDE}.Debug|x86.Build.0 = Debug|Any CPU
		{495A9EA6-B13C-48F9-A2E2-6667CECEBFDE}.Release|Any CPU.ActiveCfg = Release|Any CPU
		{495A9EA6-B13C-48F9-A2E2-6667CECEBFDE}.Release|Any CPU.Build.0 = Release|Any CPU
		{495A9EA6-B13C-48F9-A2E2-6667CECEBFDE}.Release|x64.ActiveCfg = Release|Any CPU
		{495A9EA6-B13C-48F9-A2E2-6667CECEBFDE}.Release|x64.Build.0 = Release|Any CPU
		{495A9EA6-B13C-48F9-A2E2-6667CECEBFDE}.Release|x86.ActiveCfg = Release|Any CPU
		{495A9EA6-B13C-48F9-A2E2-6667CECEBFDE}.Release|x86.Build.0 = Release|Any CPU
		{52FCBDB1-48D8-448D-B8CA-07F10AB3CA25}.Debug|Any CPU.ActiveCfg = Debug|Any CPU
		{52FCBDB1-48D8-448D-B8CA-07F10AB3CA25}.Debug|Any CPU.Build.0 = Debug|Any CPU
		{52FCBDB1-48D8-448D-B8CA-07F10AB3CA25}.Debug|x64.ActiveCfg = Debug|Any CPU
		{52FCBDB1-48D8-448D-B8CA-07F10AB3CA25}.Debug|x64.Build.0 = Debug|Any CPU
		{52FCBDB1-48D8-448D-B8CA-07F10AB3CA25}.Debug|x86.ActiveCfg = Debug|Any CPU
		{52FCBDB1-48D8-448D-B8CA-07F10AB3CA25}.Debug|x86.Build.0 = Debug|Any CPU
		{52FCBDB1-48D8-448D-B8CA-07F10AB3CA25}.Release|Any CPU.ActiveCfg = Release|Any CPU
		{52FCBDB1-48D8-448D-B8CA-07F10AB3CA25}.Release|Any CPU.Build.0 = Release|Any CPU
		{52FCBDB1-48D8-448D-B8CA-07F10AB3CA25}.Release|x64.ActiveCfg = Release|Any CPU
		{52FCBDB1-48D8-448D-B8CA-07F10AB3CA25}.Release|x64.Build.0 = Release|Any CPU
		{52FCBDB1-48D8-448D-B8CA-07F10AB3CA25}.Release|x86.ActiveCfg = Release|Any CPU
		{52FCBDB1-48D8-448D-B8CA-07F10AB3CA25}.Release|x86.Build.0 = Release|Any CPU
		{3F3D249F-885B-4AF5-B760-3900D077D66B}.Debug|Any CPU.ActiveCfg = Debug|Any CPU
		{3F3D249F-885B-4AF5-B760-3900D077D66B}.Debug|Any CPU.Build.0 = Debug|Any CPU
		{3F3D249F-885B-4AF5-B760-3900D077D66B}.Debug|x64.ActiveCfg = Debug|Any CPU
		{3F3D249F-885B-4AF5-B760-3900D077D66B}.Debug|x64.Build.0 = Debug|Any CPU
		{3F3D249F-885B-4AF5-B760-3900D077D66B}.Debug|x86.ActiveCfg = Debug|Any CPU
		{3F3D249F-885B-4AF5-B760-3900D077D66B}.Debug|x86.Build.0 = Debug|Any CPU
		{3F3D249F-885B-4AF5-B760-3900D077D66B}.Release|Any CPU.ActiveCfg = Release|Any CPU
		{3F3D249F-885B-4AF5-B760-3900D077D66B}.Release|Any CPU.Build.0 = Release|Any CPU
		{3F3D249F-885B-4AF5-B760-3900D077D66B}.Release|x64.ActiveCfg = Release|Any CPU
		{3F3D249F-885B-4AF5-B760-3900D077D66B}.Release|x64.Build.0 = Release|Any CPU
		{3F3D249F-885B-4AF5-B760-3900D077D66B}.Release|x86.ActiveCfg = Release|Any CPU
		{3F3D249F-885B-4AF5-B760-3900D077D66B}.Release|x86.Build.0 = Release|Any CPU
		{2E8CECA3-4872-439E-9A47-5304FB4BF705}.Debug|Any CPU.ActiveCfg = Debug|Any CPU
		{2E8CECA3-4872-439E-9A47-5304FB4BF705}.Debug|Any CPU.Build.0 = Debug|Any CPU
		{2E8CECA3-4872-439E-9A47-5304FB4BF705}.Debug|x64.ActiveCfg = Debug|Any CPU
		{2E8CECA3-4872-439E-9A47-5304FB4BF705}.Debug|x64.Build.0 = Debug|Any CPU
		{2E8CECA3-4872-439E-9A47-5304FB4BF705}.Debug|x86.ActiveCfg = Debug|Any CPU
		{2E8CECA3-4872-439E-9A47-5304FB4BF705}.Debug|x86.Build.0 = Debug|Any CPU
		{2E8CECA3-4872-439E-9A47-5304FB4BF705}.Release|Any CPU.ActiveCfg = Release|Any CPU
		{2E8CECA3-4872-439E-9A47-5304FB4BF705}.Release|Any CPU.Build.0 = Release|Any CPU
		{2E8CECA3-4872-439E-9A47-5304FB4BF705}.Release|x64.ActiveCfg = Release|Any CPU
		{2E8CECA3-4872-439E-9A47-5304FB4BF705}.Release|x64.Build.0 = Release|Any CPU
		{2E8CECA3-4872-439E-9A47-5304FB4BF705}.Release|x86.ActiveCfg = Release|Any CPU
		{2E8CECA3-4872-439E-9A47-5304FB4BF705}.Release|x86.Build.0 = Release|Any CPU
		{319C4596-0EE6-4392-9D7B-F937794133C7}.Debug|Any CPU.ActiveCfg = Debug|Any CPU
		{319C4596-0EE6-4392-9D7B-F937794133C7}.Debug|Any CPU.Build.0 = Debug|Any CPU
		{319C4596-0EE6-4392-9D7B-F937794133C7}.Debug|x64.ActiveCfg = Debug|Any CPU
		{319C4596-0EE6-4392-9D7B-F937794133C7}.Debug|x64.Build.0 = Debug|Any CPU
		{319C4596-0EE6-4392-9D7B-F937794133C7}.Debug|x86.ActiveCfg = Debug|Any CPU
		{319C4596-0EE6-4392-9D7B-F937794133C7}.Debug|x86.Build.0 = Debug|Any CPU
		{319C4596-0EE6-4392-9D7B-F937794133C7}.Release|Any CPU.ActiveCfg = Release|Any CPU
		{319C4596-0EE6-4392-9D7B-F937794133C7}.Release|Any CPU.Build.0 = Release|Any CPU
		{319C4596-0EE6-4392-9D7B-F937794133C7}.Release|x64.ActiveCfg = Release|Any CPU
		{319C4596-0EE6-4392-9D7B-F937794133C7}.Release|x64.Build.0 = Release|Any CPU
		{319C4596-0EE6-4392-9D7B-F937794133C7}.Release|x86.ActiveCfg = Release|Any CPU
		{319C4596-0EE6-4392-9D7B-F937794133C7}.Release|x86.Build.0 = Release|Any CPU
	EndGlobalSection
	GlobalSection(SolutionProperties) = preSolution
		HideSolutionNode = FALSE
	EndGlobalSection
	GlobalSection(ExtensibilityGlobals) = postSolution
		SolutionGuid = {6E45D37F-C2A8-4E8E-B8FE-19F1D8A5B010}
	EndGlobalSection
EndGlobal
