
Microsoft Visual Studio Solution File, Format Version 12.00
# Visual Studio Version 17
VisualStudioVersion = 17.5.33424.131
MinimumVisualStudioVersion = 10.0.40219.1
Project("{9A19103F-16F7-4668-BE54-9A1E7A4F7556}") = "BulkCrapUninstaller", "BulkCrapUninstaller\BulkCrapUninstaller.csproj", "{5086CDDE-5B1D-485B-AABC-A63C633579B6}"
	ProjectSection(ProjectDependencies) = postProject
		{129CBF33-9E19-4D26-A601-5E8394907AE1} = {129CBF33-9E19-4D26-A601-5E8394907AE1}
		{2E8CECA3-4872-439E-9A47-5304FB4BF705} = {2E8CECA3-4872-439E-9A47-5304FB4BF705}
		{319C4596-0EE6-4392-9D7B-F937794133C7} = {319C4596-0EE6-4392-9D7B-F937794133C7}
		{43022440-594D-437C-96C8-6AA24F6CEE63} = {43022440-594D-437C-96C8-6AA24F6CEE63}
		{5247BD39-5DEB-4F14-AF4B-9598A8544D06} = {5247BD39-5DEB-4F14-AF4B-9598A8544D06}
		{52FCBDB1-48D8-448D-B8CA-07F10AB3CA25} = {52FCBDB1-48D8-448D-B8CA-07F10AB3CA25}
		{9C818D14-22AE-46DB-B179-119069AE6116} = {9C818D14-22AE-46DB-B179-119069AE6116}
		{DCA3F6AD-0A1A-4E14-894A-114CC9B3B3E5} = {DCA3F6AD-0A1A-4E14-894A-114CC9B3B3E5}
		{FA4F2993-A7F5-4738-9FE1-81F34DB032A7} = {FA4F2993-A7F5-4738-9FE1-81F34DB032A7}
	EndProjectSection
EndProject
Project("{9A19103F-16F7-4668-BE54-9A1E7A4F7556}") = "UninstallTools", "UninstallTools\UninstallTools.csproj", "{87091C84-B671-4269-ABE4-D0F818AB201C}"
	ProjectSection(ProjectDependencies) = postProject
		{DCA3F6AD-0A1A-4E14-894A-114CC9B3B3E5} = {DCA3F6AD-0A1A-4E14-894A-114CC9B3B3E5}
	EndProjectSection
EndProject
Project("{2150E333-8FDC-42A3-9474-1A3956D46DE8}") = "Solution Items", "Solution Items", "{CF548671-BB38-48B1-9664-C737E971FC07}"
	ProjectSection(SolutionItems) = preProject
		GlobalAssemblyInfo.cs = GlobalAssemblyInfo.cs
		Licence.licenseheader = Licence.licenseheader
	EndProjectSection
EndProject
Project("{9A19103F-16F7-4668-BE54-9A1E7A4F7556}") = "KlocTools", "KlocTools\KlocTools.csproj", "{4F843421-01D4-48E8-B88B-CDF30DD671A4}"
EndProject
Project("{9A19103F-16F7-4668-BE54-9A1E7A4F7556}") = "BulkCrapUninstallerTests", "BulkCrapUninstallerTests\BulkCrapUninstallerTests.csproj", "{C631EFBE-0463-417D-AEBE-A4BE3E660C43}"
EndProject
Project("{9A19103F-16F7-4668-BE54-9A1E7A4F7556}") = "StoreAppHelper", "StoreAppHelper\StoreAppHelper.csproj", "{DCA3F6AD-0A1A-4E14-894A-114CC9B3B3E5}"
EndProject
Project("{9A19103F-16F7-4668-BE54-9A1E7A4F7556}") = "UninstallerAutomatizer", "UninstallerAutomatizer\UninstallerAutomatizer.csproj", "{9C818D14-22AE-46DB-B179-119069AE6116}"
EndProject
Project("{9A19103F-16F7-4668-BE54-9A1E7A4F7556}") = "SteamHelper", "SteamHelper\SteamHelper.csproj", "{43022440-594D-437C-96C8-6AA24F6CEE63}"
EndProject
Project("{9A19103F-16F7-4668-BE54-9A1E7A4F7556}") = "ObjectListView", "ObjectListView\ObjectListView.csproj", "{18FEDA0C-D147-4286-B39A-01204808106A}"
EndProject
Project("{9A19103F-16F7-4668-BE54-9A1E7A4F7556}") = "WinUpdateHelper", "WinUpdateHelper\WinUpdateHelper.csproj", "{5247BD39-5DEB-4F14-AF4B-9598A8544D06}"
EndProject
Project("{9A19103F-16F7-4668-BE54-9A1E7A4F7556}") = "UniversalUninstaller", "UniversalUninstaller\UniversalUninstaller.csproj", "{129CBF33-9E19-4D26-A601-5E8394907AE1}"
EndProject
Project("{9A19103F-16F7-4668-BE54-9A1E7A4F7556}") = "PortableSettingsProvider", "PortableSettingsProvider\PortableSettingsProvider.csproj", "{495A9EA6-B13C-48F9-A2E2-6667CECEBFDE}"
EndProject
Project("{9A19103F-16F7-4668-BE54-9A1E7A4F7556}") = "SimpleTreeMap", "SimpleTreeMap\SimpleTreeMap.csproj", "{52FCBDB1-48D8-448D-B8CA-07F10AB3CA25}"
EndProject
Project("{9A19103F-16F7-4668-BE54-9A1E7A4F7556}") = "SimpleTreeMapTests", "SimpleTreeMapTests\SimpleTreeMapTests.csproj", "{3F3D249F-885B-4AF5-B760-3900D077D66B}"
EndProject
Project("{9A19103F-16F7-4668-BE54-9A1E7A4F7556}") = "BCU-console", "BCU-console\BCU-console.csproj", "{2E8CECA3-4872-439E-9A47-5304FB4BF705}"
	ProjectSection(ProjectDependencies) = postProject
		{129CBF33-9E19-4D26-A601-5E8394907AE1} = {129CBF33-9E19-4D26-A601-5E8394907AE1}
		{18FEDA0C-D147-4286-B39A-01204808106A} = {18FEDA0C-D147-4286-B39A-01204808106A}
		{319C4596-0EE6-4392-9D7B-F937794133C7} = {319C4596-0EE6-4392-9D7B-F937794133C7}
		{43022440-594D-437C-96C8-6AA24F6CEE63} = {43022440-594D-437C-96C8-6AA24F6CEE63}
		{495A9EA6-B13C-48F9-A2E2-6667CECEBFDE} = {495A9EA6-B13C-48F9-A2E2-6667CECEBFDE}
		{4F843421-01D4-48E8-B88B-CDF30DD671A4} = {4F843421-01D4-48E8-B88B-CDF30DD671A4}
		{5247BD39-5DEB-4F14-AF4B-9598A8544D06} = {5247BD39-5DEB-4F14-AF4B-9598A8544D06}
		{52FCBDB1-48D8-448D-B8CA-07F10AB3CA25} = {52FCBDB1-48D8-448D-B8CA-07F10AB3CA25}
		{9C818D14-22AE-46DB-B179-119069AE6116} = {9C818D14-22AE-46DB-B179-119069AE6116}
		{B5F0E648-A6E8-4D63-842C-90562148A930} = {B5F0E648-A6E8-4D63-842C-90562148A930}
		{C28A3493-8FCA-4571-8F9E-27B8420C0720} = {C28A3493-8FCA-4571-8F9E-27B8420C0720}
		{DCA3F6AD-0A1A-4E14-894A-114CC9B3B3E5} = {DCA3F6AD-0A1A-4E14-894A-114CC9B3B3E5}
		{FA4F2993-A7F5-4738-9FE1-81F34DB032A7} = {FA4F2993-A7F5-4738-9FE1-81F34DB032A7}
	EndProjectSection
EndProject
Project("{9A19103F-16F7-4668-BE54-9A1E7A4F7556}") = "OculusHelper", "OculusHelper\OculusHelper.csproj", "{319C4596-0EE6-4392-9D7B-F937794133C7}"
EndProject
Project("{D954291E-2A0B-460D-934E-DC6B0785DB48}") = "HelperTools", "HelperTools\HelperTools.shproj", "{73A9796D-334C-400C-87AC-1DFDD613266E}"
EndProject
Project("{9A19103F-16F7-4668-BE54-9A1E7A4F7556}") = "ScriptHelper", "ScriptHelper\ScriptHelper.csproj", "{FA4F2993-A7F5-4738-9FE1-81F34DB032A7}"
EndProject
Project("{9A19103F-16F7-4668-BE54-9A1E7A4F7556}") = "NetSettingBinder", "NetSettingBinder\NetSettingBinder.csproj", "{C28A3493-8FCA-4571-8F9E-27B8420C0720}"
EndProject
Project("{9A19103F-16F7-4668-BE54-9A1E7A4F7556}") = "NBug", "NBug_custom\NBug.csproj", "{B5F0E648-A6E8-4D63-842C-90562148A930}"
EndProject
Project("{8BC9CEB8-8B4A-11D0-8D11-00A0C91BC942}") = "BCU-launcher", "BCU-launcher\BCU-launcher.vcxproj", "{C54B5AFD-C079-4852-960E-906B8CEE0E07}"
EndProject
Global
	GlobalSection(SolutionConfigurationPlatforms) = preSolution
		Debug|Any CPU = Debug|Any CPU
		Debug|x64 = Debug|x64
		Debug|x86 = Debug|x86
		Release|Any CPU = Release|Any CPU
		Release|x64 = Release|x64
		Release|x86 = Release|x86
	EndGlobalSection
	GlobalSection(ProjectConfigurationPlatforms) = postSolution
		{5086CDDE-5B1D-485B-AABC-A63C633579B6}.Debug|Any CPU.ActiveCfg = Debug|Any CPU
		{5086CDDE-5B1D-485B-AABC-A63C633579B6}.Debug|Any CPU.Build.0 = Debug|Any CPU
		{5086CDDE-5B1D-485B-AABC-A63C633579B6}.Debug|x64.ActiveCfg = Debug|x64
		{5086CDDE-5B1D-485B-AABC-A63C633579B6}.Debug|x64.Build.0 = Debug|x64
		{5086CDDE-5B1D-485B-AABC-A63C633579B6}.Debug|x86.ActiveCfg = Debug|x86
		{5086CDDE-5B1D-485B-AABC-A63C633579B6}.Debug|x86.Build.0 = Debug|x86
		{5086CDDE-5B1D-485B-AABC-A63C633579B6}.Release|Any CPU.ActiveCfg = Release|Any CPU
		{5086CDDE-5B1D-485B-AABC-A63C633579B6}.Release|Any CPU.Build.0 = Release|Any CPU
		{5086CDDE-5B1D-485B-AABC-A63C633579B6}.Release|x64.ActiveCfg = Release|x64
		{5086CDDE-5B1D-485B-AABC-A63C633579B6}.Release|x64.Build.0 = Release|x64
		{5086CDDE-5B1D-485B-AABC-A63C633579B6}.Release|x86.ActiveCfg = Release|x86
		{5086CDDE-5B1D-485B-AABC-A63C633579B6}.Release|x86.Build.0 = Release|x86
		{87091C84-B671-4269-ABE4-D0F818AB201C}.Debug|Any CPU.ActiveCfg = Debug|Any CPU
		{87091C84-B671-4269-ABE4-D0F818AB201C}.Debug|Any CPU.Build.0 = Debug|Any CPU
		{87091C84-B671-4269-ABE4-D0F818AB201C}.Debug|x64.ActiveCfg = Debug|x64
		{87091C84-B671-4269-ABE4-D0F818AB201C}.Debug|x64.Build.0 = Debug|x64
		{87091C84-B671-4269-ABE4-D0F818AB201C}.Debug|x86.ActiveCfg = Debug|x86
		{87091C84-B671-4269-ABE4-D0F818AB201C}.Debug|x86.Build.0 = Debug|x86
		{87091C84-B671-4269-ABE4-D0F818AB201C}.Release|Any CPU.ActiveCfg = Release|Any CPU
		{87091C84-B671-4269-ABE4-D0F818AB201C}.Release|Any CPU.Build.0 = Release|Any CPU
		{87091C84-B671-4269-ABE4-D0F818AB201C}.Release|x64.ActiveCfg = Release|x64
		{87091C84-B671-4269-ABE4-D0F818AB201C}.Release|x64.Build.0 = Release|x64
		{87091C84-B671-4269-ABE4-D0F818AB201C}.Release|x86.ActiveCfg = Release|x86
		{87091C84-B671-4269-ABE4-D0F818AB201C}.Release|x86.Build.0 = Release|x86
		{4F843421-01D4-48E8-B88B-CDF30DD671A4}.Debug|Any CPU.ActiveCfg = Debug|Any CPU
		{4F843421-01D4-48E8-B88B-CDF30DD671A4}.Debug|Any CPU.Build.0 = Debug|Any CPU
		{4F843421-01D4-48E8-B88B-CDF30DD671A4}.Debug|x64.ActiveCfg = Debug|x64
		{4F843421-01D4-48E8-B88B-CDF30DD671A4}.Debug|x64.Build.0 = Debug|x64
		{4F843421-01D4-48E8-B88B-CDF30DD671A4}.Debug|x86.ActiveCfg = Debug|x86
		{4F843421-01D4-48E8-B88B-CDF30DD671A4}.Debug|x86.Build.0 = Debug|x86
		{4F843421-01D4-48E8-B88B-CDF30DD671A4}.Release|Any CPU.ActiveCfg = Release|Any CPU
		{4F843421-01D4-48E8-B88B-CDF30DD671A4}.Release|Any CPU.Build.0 = Release|Any CPU
		{4F843421-01D4-48E8-B88B-CDF30DD671A4}.Release|x64.ActiveCfg = Release|x64
		{4F843421-01D4-48E8-B88B-CDF30DD671A4}.Release|x64.Build.0 = Release|x64
		{4F843421-01D4-48E8-B88B-CDF30DD671A4}.Release|x86.ActiveCfg = Release|x86
		{4F843421-01D4-48E8-B88B-CDF30DD671A4}.Release|x86.Build.0 = Release|x86
		{C631EFBE-0463-417D-AEBE-A4BE3E660C43}.Debug|Any CPU.ActiveCfg = Debug|Any CPU
		{C631EFBE-0463-417D-AEBE-A4BE3E660C43}.Debug|x64.ActiveCfg = Debug|Any CPU
		{C631EFBE-0463-417D-AEBE-A4BE3E660C43}.Debug|x86.ActiveCfg = Debug|Any CPU
		{C631EFBE-0463-417D-AEBE-A4BE3E660C43}.Release|Any CPU.ActiveCfg = Release|Any CPU
		{C631EFBE-0463-417D-AEBE-A4BE3E660C43}.Release|x64.ActiveCfg = Release|Any CPU
		{C631EFBE-0463-417D-AEBE-A4BE3E660C43}.Release|x86.ActiveCfg = Release|Any CPU
		{DCA3F6AD-0A1A-4E14-894A-114CC9B3B3E5}.Debug|Any CPU.ActiveCfg = Debug|Any CPU
		{DCA3F6AD-0A1A-4E14-894A-114CC9B3B3E5}.Debug|Any CPU.Build.0 = Debug|Any CPU
		{DCA3F6AD-0A1A-4E14-894A-114CC9B3B3E5}.Debug|x64.ActiveCfg = Debug|x64
		{DCA3F6AD-0A1A-4E14-894A-114CC9B3B3E5}.Debug|x64.Build.0 = Debug|x64
		{DCA3F6AD-0A1A-4E14-894A-114CC9B3B3E5}.Debug|x86.ActiveCfg = Debug|x86
		{DCA3F6AD-0A1A-4E14-894A-114CC9B3B3E5}.Debug|x86.Build.0 = Debug|x86
		{DCA3F6AD-0A1A-4E14-894A-114CC9B3B3E5}.Release|Any CPU.ActiveCfg = Release|Any CPU
		{DCA3F6AD-0A1A-4E14-894A-114CC9B3B3E5}.Release|Any CPU.Build.0 = Release|Any CPU
		{DCA3F6AD-0A1A-4E14-894A-114CC9B3B3E5}.Release|x64.ActiveCfg = Release|x64
		{DCA3F6AD-0A1A-4E14-894A-114CC9B3B3E5}.Release|x64.Build.0 = Release|x64
		{DCA3F6AD-0A1A-4E14-894A-114CC9B3B3E5}.Release|x86.ActiveCfg = Release|x86
		{DCA3F6AD-0A1A-4E14-894A-114CC9B3B3E5}.Release|x86.Build.0 = Release|x86
		{9C818D14-22AE-46DB-B179-119069AE6116}.Debug|Any CPU.ActiveCfg = Debug|Any CPU
		{9C818D14-22AE-46DB-B179-119069AE6116}.Debug|Any CPU.Build.0 = Debug|Any CPU
		{9C818D14-22AE-46DB-B179-119069AE6116}.Debug|x64.ActiveCfg = Debug|x64
		{9C818D14-22AE-46DB-B179-119069AE6116}.Debug|x64.Build.0 = Debug|x64
		{9C818D14-22AE-46DB-B179-119069AE6116}.Debug|x86.ActiveCfg = Debug|x86
		{9C818D14-22AE-46DB-B179-119069AE6116}.Debug|x86.Build.0 = Debug|x86
		{9C818D14-22AE-46DB-B179-119069AE6116}.Release|Any CPU.ActiveCfg = Release|Any CPU
		{9C818D14-22AE-46DB-B179-119069AE6116}.Release|Any CPU.Build.0 = Release|Any CPU
		{9C818D14-22AE-46DB-B179-119069AE6116}.Release|x64.ActiveCfg = Release|x64
		{9C818D14-22AE-46DB-B179-119069AE6116}.Release|x64.Build.0 = Release|x64
		{9C818D14-22AE-46DB-B179-119069AE6116}.Release|x86.ActiveCfg = Release|x86
		{9C818D14-22AE-46DB-B179-119069AE6116}.Release|x86.Build.0 = Release|x86
		{43022440-594D-437C-96C8-6AA24F6CEE63}.Debug|Any CPU.ActiveCfg = Debug|Any CPU
		{43022440-594D-437C-96C8-6AA24F6CEE63}.Debug|Any CPU.Build.0 = Debug|Any CPU
		{43022440-594D-437C-96C8-6AA24F6CEE63}.Debug|x64.ActiveCfg = Debug|x64
		{43022440-594D-437C-96C8-6AA24F6CEE63}.Debug|x64.Build.0 = Debug|x64
		{43022440-594D-437C-96C8-6AA24F6CEE63}.Debug|x86.ActiveCfg = Debug|x86
		{43022440-594D-437C-96C8-6AA24F6CEE63}.Debug|x86.Build.0 = Debug|x86
		{43022440-594D-437C-96C8-6AA24F6CEE63}.Release|Any CPU.ActiveCfg = Release|Any CPU
		{43022440-594D-437C-96C8-6AA24F6CEE63}.Release|Any CPU.Build.0 = Release|Any CPU
		{43022440-594D-437C-96C8-6AA24F6CEE63}.Release|x64.ActiveCfg = Release|x64
		{43022440-594D-437C-96C8-6AA24F6CEE63}.Release|x64.Build.0 = Release|x64
		{43022440-594D-437C-96C8-6AA24F6CEE63}.Release|x86.ActiveCfg = Release|x86
		{43022440-594D-437C-96C8-6AA24F6CEE63}.Release|x86.Build.0 = Release|x86
		{18FEDA0C-D147-4286-B39A-01204808106A}.Debug|Any CPU.ActiveCfg = Debug|Any CPU
		{18FEDA0C-D147-4286-B39A-01204808106A}.Debug|Any CPU.Build.0 = Debug|Any CPU
		{18FEDA0C-D147-4286-B39A-01204808106A}.Debug|x64.ActiveCfg = Debug|x64
		{18FEDA0C-D147-4286-B39A-01204808106A}.Debug|x64.Build.0 = Debug|x64
		{18FEDA0C-D147-4286-B39A-01204808106A}.Debug|x86.ActiveCfg = Debug|x86
		{18FEDA0C-D147-4286-B39A-01204808106A}.Debug|x86.Build.0 = Debug|x86
		{18FEDA0C-D147-4286-B39A-01204808106A}.Release|Any CPU.ActiveCfg = Release|Any CPU
		{18FEDA0C-D147-4286-B39A-01204808106A}.Release|Any CPU.Build.0 = Release|Any CPU
		{18FEDA0C-D147-4286-B39A-01204808106A}.Release|x64.ActiveCfg = Release|x64
		{18FEDA0C-D147-4286-B39A-01204808106A}.Release|x64.Build.0 = Release|x64
		{18FEDA0C-D147-4286-B39A-01204808106A}.Release|x86.ActiveCfg = Release|x86
		{18FEDA0C-D147-4286-B39A-01204808106A}.Release|x86.Build.0 = Release|x86
		{5247BD39-5DEB-4F14-AF4B-9598A8544D06}.Debug|Any CPU.ActiveCfg = Debug|Any CPU
		{5247BD39-5DEB-4F14-AF4B-9598A8544D06}.Debug|Any CPU.Build.0 = Debug|Any CPU
		{5247BD39-5DEB-4F14-AF4B-9598A8544D06}.Debug|x64.ActiveCfg = Debug|x64
		{5247BD39-5DEB-4F14-AF4B-9598A8544D06}.Debug|x64.Build.0 = Debug|x64
		{5247BD39-5DEB-4F14-AF4B-9598A8544D06}.Debug|x86.ActiveCfg = Debug|x86
		{5247BD39-5DEB-4F14-AF4B-9598A8544D06}.Debug|x86.Build.0 = Debug|x86
		{5247BD39-5DEB-4F14-AF4B-9598A8544D06}.Release|Any CPU.ActiveCfg = Release|Any CPU
		{5247BD39-5DEB-4F14-AF4B-9598A8544D06}.Release|Any CPU.Build.0 = Release|Any CPU
		{5247BD39-5DEB-4F14-AF4B-9598A8544D06}.Release|x64.ActiveCfg = Release|x64
		{5247BD39-5DEB-4F14-AF4B-9598A8544D06}.Release|x64.Build.0 = Release|x64
		{5247BD39-5DEB-4F14-AF4B-9598A8544D06}.Release|x86.ActiveCfg = Release|x86
		{5247BD39-5DEB-4F14-AF4B-9598A8544D06}.Release|x86.Build.0 = Release|x86
		{129CBF33-9E19-4D26-A601-5E8394907AE1}.Debug|Any CPU.ActiveCfg = Debug|Any CPU
		{129CBF33-9E19-4D26-A601-5E8394907AE1}.Debug|Any CPU.Build.0 = Debug|Any CPU
		{129CBF33-9E19-4D26-A601-5E8394907AE1}.Debug|x64.ActiveCfg = Debug|x64
		{129CBF33-9E19-4D26-A601-5E8394907AE1}.Debug|x64.Build.0 = Debug|x64
		{129CBF33-9E19-4D26-A601-5E8394907AE1}.Debug|x86.ActiveCfg = Debug|x86
		{129CBF33-9E19-4D26-A601-5E8394907AE1}.Debug|x86.Build.0 = Debug|x86
		{129CBF33-9E19-4D26-A601-5E8394907AE1}.Release|Any CPU.ActiveCfg = Release|Any CPU
		{129CBF33-9E19-4D26-A601-5E8394907AE1}.Release|Any CPU.Build.0 = Release|Any CPU
		{129CBF33-9E19-4D26-A601-5E8394907AE1}.Release|x64.ActiveCfg = Release|x64
		{129CBF33-9E19-4D26-A601-5E8394907AE1}.Release|x64.Build.0 = Release|x64
		{129CBF33-9E19-4D26-A601-5E8394907AE1}.Release|x86.ActiveCfg = Release|x86
		{129CBF33-9E19-4D26-A601-5E8394907AE1}.Release|x86.Build.0 = Release|x86
		{495A9EA6-B13C-48F9-A2E2-6667CECEBFDE}.Debug|Any CPU.ActiveCfg = Debug|Any CPU
		{495A9EA6-B13C-48F9-A2E2-6667CECEBFDE}.Debug|Any CPU.Build.0 = Debug|Any CPU
		{495A9EA6-B13C-48F9-A2E2-6667CECEBFDE}.Debug|x64.ActiveCfg = Debug|x64
		{495A9EA6-B13C-48F9-A2E2-6667CECEBFDE}.Debug|x64.Build.0 = Debug|x64
		{495A9EA6-B13C-48F9-A2E2-6667CECEBFDE}.Debug|x86.ActiveCfg = Debug|x86
		{495A9EA6-B13C-48F9-A2E2-6667CECEBFDE}.Debug|x86.Build.0 = Debug|x86
		{495A9EA6-B13C-48F9-A2E2-6667CECEBFDE}.Release|Any CPU.ActiveCfg = Release|Any CPU
		{495A9EA6-B13C-48F9-A2E2-6667CECEBFDE}.Release|Any CPU.Build.0 = Release|Any CPU
		{495A9EA6-B13C-48F9-A2E2-6667CECEBFDE}.Release|x64.ActiveCfg = Release|x64
		{495A9EA6-B13C-48F9-A2E2-6667CECEBFDE}.Release|x64.Build.0 = Release|x64
		{495A9EA6-B13C-48F9-A2E2-6667CECEBFDE}.Release|x86.ActiveCfg = Release|x86
		{495A9EA6-B13C-48F9-A2E2-6667CECEBFDE}.Release|x86.Build.0 = Release|x86
		{52FCBDB1-48D8-448D-B8CA-07F10AB3CA25}.Debug|Any CPU.ActiveCfg = Debug|Any CPU
		{52FCBDB1-48D8-448D-B8CA-07F10AB3CA25}.Debug|Any CPU.Build.0 = Debug|Any CPU
		{52FCBDB1-48D8-448D-B8CA-07F10AB3CA25}.Debug|x64.ActiveCfg = Debug|x64
		{52FCBDB1-48D8-448D-B8CA-07F10AB3CA25}.Debug|x64.Build.0 = Debug|x64
		{52FCBDB1-48D8-448D-B8CA-07F10AB3CA25}.Debug|x86.ActiveCfg = Debug|x86
		{52FCBDB1-48D8-448D-B8CA-07F10AB3CA25}.Debug|x86.Build.0 = Debug|x86
		{52FCBDB1-48D8-448D-B8CA-07F10AB3CA25}.Release|Any CPU.ActiveCfg = Release|Any CPU
		{52FCBDB1-48D8-448D-B8CA-07F10AB3CA25}.Release|Any CPU.Build.0 = Release|Any CPU
		{52FCBDB1-48D8-448D-B8CA-07F10AB3CA25}.Release|x64.ActiveCfg = Release|x64
		{52FCBDB1-48D8-448D-B8CA-07F10AB3CA25}.Release|x64.Build.0 = Release|x64
		{52FCBDB1-48D8-448D-B8CA-07F10AB3CA25}.Release|x86.ActiveCfg = Release|x86
		{52FCBDB1-48D8-448D-B8CA-07F10AB3CA25}.Release|x86.Build.0 = Release|x86
		{3F3D249F-885B-4AF5-B760-3900D077D66B}.Debug|Any CPU.ActiveCfg = Debug|Any CPU
		{3F3D249F-885B-4AF5-B760-3900D077D66B}.Debug|x64.ActiveCfg = Debug|Any CPU
		{3F3D249F-885B-4AF5-B760-3900D077D66B}.Debug|x86.ActiveCfg = Debug|Any CPU
		{3F3D249F-885B-4AF5-B760-3900D077D66B}.Release|Any CPU.ActiveCfg = Release|Any CPU
		{3F3D249F-885B-4AF5-B760-3900D077D66B}.Release|x64.ActiveCfg = Release|Any CPU
		{3F3D249F-885B-4AF5-B760-3900D077D66B}.Release|x86.ActiveCfg = Release|Any CPU
		{2E8CECA3-4872-439E-9A47-5304FB4BF705}.Debug|Any CPU.ActiveCfg = Debug|Any CPU
		{2E8CECA3-4872-439E-9A47-5304FB4BF705}.Debug|Any CPU.Build.0 = Debug|Any CPU
		{2E8CECA3-4872-439E-9A47-5304FB4BF705}.Debug|x64.ActiveCfg = Debug|x64
		{2E8CECA3-4872-439E-9A47-5304FB4BF705}.Debug|x64.Build.0 = Debug|x64
		{2E8CECA3-4872-439E-9A47-5304FB4BF705}.Debug|x86.ActiveCfg = Debug|x86
		{2E8CECA3-4872-439E-9A47-5304FB4BF705}.Debug|x86.Build.0 = Debug|x86
		{2E8CECA3-4872-439E-9A47-5304FB4BF705}.Release|Any CPU.ActiveCfg = Release|Any CPU
		{2E8CECA3-4872-439E-9A47-5304FB4BF705}.Release|Any CPU.Build.0 = Release|Any CPU
		{2E8CECA3-4872-439E-9A47-5304FB4BF705}.Release|x64.ActiveCfg = Release|x64
		{2E8CECA3-4872-439E-9A47-5304FB4BF705}.Release|x64.Build.0 = Release|x64
		{2E8CECA3-4872-439E-9A47-5304FB4BF705}.Release|x86.ActiveCfg = Release|x86
		{2E8CECA3-4872-439E-9A47-5304FB4BF705}.Release|x86.Build.0 = Release|x86
		{319C4596-0EE6-4392-9D7B-F937794133C7}.Debug|Any CPU.ActiveCfg = Debug|Any CPU
		{319C4596-0EE6-4392-9D7B-F937794133C7}.Debug|Any CPU.Build.0 = Debug|Any CPU
		{319C4596-0EE6-4392-9D7B-F937794133C7}.Debug|x64.ActiveCfg = Debug|x64
		{319C4596-0EE6-4392-9D7B-F937794133C7}.Debug|x64.Build.0 = Debug|x64
		{319C4596-0EE6-4392-9D7B-F937794133C7}.Debug|x86.ActiveCfg = Debug|x86
		{319C4596-0EE6-4392-9D7B-F937794133C7}.Debug|x86.Build.0 = Debug|x86
		{319C4596-0EE6-4392-9D7B-F937794133C7}.Release|Any CPU.ActiveCfg = Release|Any CPU
		{319C4596-0EE6-4392-9D7B-F937794133C7}.Release|Any CPU.Build.0 = Release|Any CPU
		{319C4596-0EE6-4392-9D7B-F937794133C7}.Release|x64.ActiveCfg = Release|x64
		{319C4596-0EE6-4392-9D7B-F937794133C7}.Release|x64.Build.0 = Release|x64
		{319C4596-0EE6-4392-9D7B-F937794133C7}.Release|x86.ActiveCfg = Release|x86
		{319C4596-0EE6-4392-9D7B-F937794133C7}.Release|x86.Build.0 = Release|x86
		{FA4F2993-A7F5-4738-9FE1-81F34DB032A7}.Debug|Any CPU.ActiveCfg = Debug|Any CPU
		{FA4F2993-A7F5-4738-9FE1-81F34DB032A7}.Debug|Any CPU.Build.0 = Debug|Any CPU
		{FA4F2993-A7F5-4738-9FE1-81F34DB032A7}.Debug|x64.ActiveCfg = Debug|x64
		{FA4F2993-A7F5-4738-9FE1-81F34DB032A7}.Debug|x64.Build.0 = Debug|x64
		{FA4F2993-A7F5-4738-9FE1-81F34DB032A7}.Debug|x86.ActiveCfg = Debug|x86
		{FA4F2993-A7F5-4738-9FE1-81F34DB032A7}.Debug|x86.Build.0 = Debug|x86
		{FA4F2993-A7F5-4738-9FE1-81F34DB032A7}.Release|Any CPU.ActiveCfg = Release|Any CPU
		{FA4F2993-A7F5-4738-9FE1-81F34DB032A7}.Release|Any CPU.Build.0 = Release|Any CPU
		{FA4F2993-A7F5-4738-9FE1-81F34DB032A7}.Release|x64.ActiveCfg = Release|x64
		{FA4F2993-A7F5-4738-9FE1-81F34DB032A7}.Release|x64.Build.0 = Release|x64
		{FA4F2993-A7F5-4738-9FE1-81F34DB032A7}.Release|x86.ActiveCfg = Release|x86
		{FA4F2993-A7F5-4738-9FE1-81F34DB032A7}.Release|x86.Build.0 = Release|x86
		{C28A3493-8FCA-4571-8F9E-27B8420C0720}.Debug|Any CPU.ActiveCfg = Debug|Any CPU
		{C28A3493-8FCA-4571-8F9E-27B8420C0720}.Debug|Any CPU.Build.0 = Debug|Any CPU
		{C28A3493-8FCA-4571-8F9E-27B8420C0720}.Debug|x64.ActiveCfg = Debug|x64
		{C28A3493-8FCA-4571-8F9E-27B8420C0720}.Debug|x64.Build.0 = Debug|x64
		{C28A3493-8FCA-4571-8F9E-27B8420C0720}.Debug|x86.ActiveCfg = Debug|x86
		{C28A3493-8FCA-4571-8F9E-27B8420C0720}.Debug|x86.Build.0 = Debug|x86
		{C28A3493-8FCA-4571-8F9E-27B8420C0720}.Release|Any CPU.ActiveCfg = Release|Any CPU
		{C28A3493-8FCA-4571-8F9E-27B8420C0720}.Release|Any CPU.Build.0 = Release|Any CPU
		{C28A3493-8FCA-4571-8F9E-27B8420C0720}.Release|x64.ActiveCfg = Release|x64
		{C28A3493-8FCA-4571-8F9E-27B8420C0720}.Release|x64.Build.0 = Release|x64
		{C28A3493-8FCA-4571-8F9E-27B8420C0720}.Release|x86.ActiveCfg = Release|x86
		{C28A3493-8FCA-4571-8F9E-27B8420C0720}.Release|x86.Build.0 = Release|x86
		{B5F0E648-A6E8-4D63-842C-90562148A930}.Debug|Any CPU.ActiveCfg = Debug|Any CPU
		{B5F0E648-A6E8-4D63-842C-90562148A930}.Debug|Any CPU.Build.0 = Debug|Any CPU
		{B5F0E648-A6E8-4D63-842C-90562148A930}.Debug|x64.ActiveCfg = Debug|x64
		{B5F0E648-A6E8-4D63-842C-90562148A930}.Debug|x64.Build.0 = Debug|x64
		{B5F0E648-A6E8-4D63-842C-90562148A930}.Debug|x86.ActiveCfg = Debug|x86
		{B5F0E648-A6E8-4D63-842C-90562148A930}.Debug|x86.Build.0 = Debug|x86
		{B5F0E648-A6E8-4D63-842C-90562148A930}.Release|Any CPU.ActiveCfg = Release|Any CPU
		{B5F0E648-A6E8-4D63-842C-90562148A930}.Release|Any CPU.Build.0 = Release|Any CPU
		{B5F0E648-A6E8-4D63-842C-90562148A930}.Release|x64.ActiveCfg = Release|x64
		{B5F0E648-A6E8-4D63-842C-90562148A930}.Release|x64.Build.0 = Release|x64
		{B5F0E648-A6E8-4D63-842C-90562148A930}.Release|x86.ActiveCfg = Release|x86
		{B5F0E648-A6E8-4D63-842C-90562148A930}.Release|x86.Build.0 = Release|x86
		{C54B5AFD-C079-4852-960E-906B8CEE0E07}.Debug|Any CPU.ActiveCfg = Debug|Win32
		{C54B5AFD-C079-4852-960E-906B8CEE0E07}.Debug|x64.ActiveCfg = Debug|Win32
		{C54B5AFD-C079-4852-960E-906B8CEE0E07}.Debug|x64.Build.0 = Debug|Win32
		{C54B5AFD-C079-4852-960E-906B8CEE0E07}.Debug|x86.ActiveCfg = Debug|Win32
		{C54B5AFD-C079-4852-960E-906B8CEE0E07}.Debug|x86.Build.0 = Debug|Win32
		{C54B5AFD-C079-4852-960E-906B8CEE0E07}.Release|Any CPU.ActiveCfg = Release|Win32
		{C54B5AFD-C079-4852-960E-906B8CEE0E07}.Release|Any CPU.Build.0 = Release|Win32
		{C54B5AFD-C079-4852-960E-906B8CEE0E07}.Release|x64.ActiveCfg = Release|x64
		{C54B5AFD-C079-4852-960E-906B8CEE0E07}.Release|x86.ActiveCfg = Release|Win32
		{C54B5AFD-C079-4852-960E-906B8CEE0E07}.Release|x86.Build.0 = Release|Win32
	EndGlobalSection
	GlobalSection(SolutionProperties) = preSolution
		HideSolutionNode = FALSE
	EndGlobalSection
	GlobalSection(ExtensibilityGlobals) = postSolution
		SolutionGuid = {6E45D37F-C2A8-4E8E-B8FE-19F1D8A5B010}
	EndGlobalSection
	GlobalSection(SharedMSBuildProjectFiles) = preSolution
		HelperTools\HelperTools.projitems*{319c4596-0ee6-4392-9d7b-f937794133c7}*SharedItemsImports = 5
		HelperTools\HelperTools.projitems*{43022440-594d-437c-96c8-6aa24f6cee63}*SharedItemsImports = 5
		HelperTools\HelperTools.projitems*{5086cdde-5b1d-485b-aabc-a63c633579b6}*SharedItemsImports = 5
		HelperTools\HelperTools.projitems*{5247bd39-5deb-4f14-af4b-9598a8544d06}*SharedItemsImports = 5
		HelperTools\HelperTools.projitems*{73a9796d-334c-400c-87ac-1dfdd613266e}*SharedItemsImports = 13
		HelperTools\HelperTools.projitems*{9c818d14-22ae-46db-b179-119069ae6116}*SharedItemsImports = 5
		HelperTools\HelperTools.projitems*{dca3f6ad-0a1a-4e14-894a-114cc9b3b3e5}*SharedItemsImports = 5
		HelperTools\HelperTools.projitems*{fa4f2993-a7f5-4738-9fe1-81f34db032a7}*SharedItemsImports = 5
	EndGlobalSection
EndGlobal
